<?xml version="1.0" encoding="utf-8"?>
<Project ToolsVersion="4.0" xmlns="http://schemas.microsoft.com/developer/msbuild/2003">
  <ItemGroup>
    <Filter Include="Source">
      <UniqueIdentifier>{8a8a5140-6ec2-4a0c-864e-0ff3f2ca06e8}</UniqueIdentifier>
    </Filter>
    <Filter Include="Source\Renderer">
      <UniqueIdentifier>{6f90f1d0-b48a-4054-8760-84d12cad837c}</UniqueIdentifier>
    </Filter>
    <Filter Include="Source\Window">
      <UniqueIdentifier>{5623cd34-972d-4417-a125-f17b0b3137c7}</UniqueIdentifier>
    </Filter>
    <Filter Include="Source\Types">
      <UniqueIdentifier>{84ce11c5-8e05-41a3-a109-9f63513a60d2}</UniqueIdentifier>
    </Filter>
    <Filter Include="Source\UI">
      <UniqueIdentifier>{b182434a-8095-4ec2-b654-fb132375c331}</UniqueIdentifier>
    </Filter>
    <Filter Include="Source\UI\Renderers">
      <UniqueIdentifier>{8074f8ac-33ec-4a8e-a1f9-e520e1a4495f}</UniqueIdentifier>
    </Filter>
    <Filter Include="Source\Renderer\DX9Renderer">
      <UniqueIdentifier>{ad7d9a57-767c-4bf6-b741-9bb7038f4c2e}</UniqueIdentifier>
    </Filter>
    <Filter Include="Source\Renderer\GLRenderer">
      <UniqueIdentifier>{c25d9a0b-0358-4066-a7a8-c8a75e85381c}</UniqueIdentifier>
    </Filter>
    <Filter Include="Source\Engine">
      <UniqueIdentifier>{c591f397-e536-403a-a107-8613e13817d3}</UniqueIdentifier>
    </Filter>
  </ItemGroup>
  <ItemGroup>
    <ClInclude Include="framework.h">
      <Filter>Source</Filter>
    </ClInclude>
    <ClInclude Include="pch.h">
      <Filter>Source</Filter>
    </ClInclude>
    <ClInclude Include="Renderer\Renderer.h">
      <Filter>Source\Renderer</Filter>
    </ClInclude>
    <ClInclude Include="platform.h">
      <Filter>Source</Filter>
    </ClInclude>
    <ClInclude Include="Types\Matrix.h">
      <Filter>Source\Types</Filter>
    </ClInclude>
    <ClInclude Include="Types\Vector2D.h">
      <Filter>Source\Types</Filter>
    </ClInclude>
    <ClInclude Include="Types\Vector3D.h">
      <Filter>Source\Types</Filter>
    </ClInclude>
    <ClInclude Include="Types\Vector4D.h">
      <Filter>Source\Types</Filter>
    </ClInclude>
    <ClInclude Include="types.h">
      <Filter>Source</Filter>
    </ClInclude>
    <ClInclude Include="Types\Rect.h">
      <Filter>Source\Types</Filter>
    </ClInclude>
    <ClInclude Include="Types\Real.h">
      <Filter>Source\Types</Filter>
    </ClInclude>
    <ClInclude Include="Types\Bit.h">
      <Filter>Source\Types</Filter>
    </ClInclude>
    <ClInclude Include="Types\FixedCompactifiedReal.h">
      <Filter>Source\Types</Filter>
    </ClInclude>
    <ClInclude Include="Types\FixedFractionalExponentReal.h">
      <Filter>Source\Types</Filter>
    </ClInclude>
    <ClInclude Include="Types\IEEE754.h">
      <Filter>Source\Types</Filter>
    </ClInclude>
    <ClInclude Include="UI\UICore.h">
      <Filter>Source\UI</Filter>
    </ClInclude>
    <ClInclude Include="UI\UIDebugWindow.h">
      <Filter>Source\UI</Filter>
    </ClInclude>
    <ClInclude Include="UI\UIWindow.h">
      <Filter>Source\UI</Filter>
    </ClInclude>
    <ClInclude Include="UI\UIStatsWindow.h">
      <Filter>Source\UI</Filter>
    </ClInclude>
    <ClInclude Include="UI\Renderers\DX9UICore.h">
      <Filter>Source\UI\Renderers</Filter>
    </ClInclude>
    <ClInclude Include="Window\Win32Window.h">
      <Filter>Source\Window</Filter>
    </ClInclude>
    <ClInclude Include="Window\Window.h">
      <Filter>Source\Window</Filter>
    </ClInclude>
    <ClInclude Include="Window\XLibWindow.h">
      <Filter>Source\Window</Filter>
    </ClInclude>
    <ClInclude Include="Renderer\DX9Renderer\DX9Renderer.h">
      <Filter>Source\Renderer\DX9Renderer</Filter>
    </ClInclude>
    <ClInclude Include="Renderer\GLRenderer\GLRenderer.h">
      <Filter>Source\Renderer\GLRenderer</Filter>
    </ClInclude>
  </ItemGroup>
  <ItemGroup>
    <ClCompile Include="pch.cpp">
      <Filter>Source</Filter>
    </ClCompile>
    <ClCompile Include="provox.cpp">
      <Filter>Source</Filter>
    </ClCompile>
    <ClCompile Include="Renderer\Renderer.cpp">
      <Filter>Source\Renderer</Filter>
    </ClCompile>
    <ClCompile Include="UI\UICore.cpp">
      <Filter>Source\UI</Filter>
    </ClCompile>
    <ClCompile Include="UI\UIStatsWindow.cpp">
      <Filter>Source\UI</Filter>
    </ClCompile>
    <ClCompile Include="UI\Renderers\DX9UICore.cpp">
      <Filter>Source\UI\Renderers</Filter>
    </ClCompile>
    <ClCompile Include="Window\Win32Window.cpp">
      <Filter>Source\Window</Filter>
    </ClCompile>
    <ClCompile Include="Window\Window.cpp">
      <Filter>Source\Window</Filter>
    </ClCompile>
    <ClCompile Include="Window\XLibWindow.cpp">
      <Filter>Source\Window</Filter>
    </ClCompile>
    <ClCompile Include="Renderer\DX9Renderer\DX9Renderer.cpp">
      <Filter>Source\Renderer\DX9Renderer</Filter>
    </ClCompile>
    <ClCompile Include="Renderer\GLRenderer\GLRenderer.cpp">
      <Filter>Source\Renderer\GLRenderer</Filter>
    </ClCompile>
  </ItemGroup>
</Project>